
Microsoft Visual Studio Solution File, Format Version 12.00
# Visual Studio Version 17
VisualStudioVersion = 17.11.35312.102
MinimumVisualStudioVersion = 10.0.40219.1
Project("{FAE04EC0-301F-11D3-BF4B-00C04F79EFBC}") = "AndersTrofæer", "AndersTrofæer\AndersTrofæer.csproj", "{10011498-AF11-4973-B15D-BF4D35ACD817}"
EndProject
Project("{FAE04EC0-301F-11D3-BF4B-00C04F79EFBC}") = "AndersTrofæerTests", "AndersTrofæerTests\AndersTrofæerTests.csproj", "{FAD0E3BB-9729-4A71-8CF1-7ADB4256C002}"
EndProject
Global
	GlobalSection(SolutionConfigurationPlatforms) = preSolution
		Debug|Any CPU = Debug|Any CPU
		Release|Any CPU = Release|Any CPU
	EndGlobalSection
	GlobalSection(ProjectConfigurationPlatforms) = postSolution
		{10011498-AF11-4973-B15D-BF4D35ACD817}.Debug|Any CPU.ActiveCfg = Debug|Any CPU
		{10011498-AF11-4973-B15D-BF4D35ACD817}.Debug|Any CPU.Build.0 = Debug|Any CPU
		{10011498-AF11-4973-B15D-BF4D35ACD817}.Release|Any CPU.ActiveCfg = Release|Any CPU
		{10011498-AF11-4973-B15D-BF4D35ACD817}.Release|Any CPU.Build.0 = Release|Any CPU
		{FAD0E3BB-9729-4A71-8CF1-7ADB4256C002}.Debug|Any CPU.ActiveCfg = Debug|Any CPU
		{FAD0E3BB-9729-4A71-8CF1-7ADB4256C002}.Debug|Any CPU.Build.0 = Debug|Any CPU
		{FAD0E3BB-9729-4A71-8CF1-7ADB4256C002}.Release|Any CPU.ActiveCfg = Release|Any CPU
		{FAD0E3BB-9729-4A71-8CF1-7ADB4256C002}.Release|Any CPU.Build.0 = Release|Any CPU
	EndGlobalSection
	GlobalSection(SolutionProperties) = preSolution
		HideSolutionNode = FALSE
	EndGlobalSection
	GlobalSection(ExtensibilityGlobals) = postSolution
		SolutionGuid = {4F001FEA-DA69-490C-AFDB-61BBFCB5A4AC}
	EndGlobalSection
EndGlobal
